# This file is @generated by PDM.
# It is not intended for manual editing.

[metadata]
groups = ["default", "test"]
strategy = ["inherit_metadata"]
lock_version = "4.5.0"
content_hash = "sha256:e96cfb7cb9ad3836f23ce4bd4dc172930e8f8b5581ad53dce62dc533c9caadd7"

[[metadata.targets]]
requires_python = ">=3.13"

[[package]]
name = "annotated-types"
version = "0.7.0"
requires_python = ">=3.8"
summary = "Reusable constraint types to use with typing.Annotated"
groups = ["default"]
dependencies = [
    "typing-extensions>=4.0.0; python_version < \"3.9\"",
]
files = [
    {file = "annotated_types-0.7.0-py3-none-any.whl", hash = "sha256:1f02e8b43a8fbbc3f3e0d4f0f4bfc8131bcb4eebe8849b8e5c773f3a1c582a53"},
    {file = "annotated_types-0.7.0.tar.gz", hash = "sha256:aff07c09a53a08bc8cfccb9c85b05f1aa9a2a6f23728d790723543408344ce89"},
]

[[package]]
name = "colorama"
version = "0.4.6"
requires_python = "!=3.0.*,!=3.1.*,!=3.2.*,!=3.3.*,!=3.4.*,!=3.5.*,!=3.6.*,>=2.7"
summary = "Cross-platform colored terminal text."
groups = ["test"]
marker = "sys_platform == \"win32\""
files = [
    {file = "colorama-0.4.6-py2.py3-none-any.whl", hash = "sha256:4f1d9991f5acc0ca119f9d443620b77f9d6b33703e51011c16baf57afb285fc6"},
    {file = "colorama-0.4.6.tar.gz", hash = "sha256:08695f5cb7ed6e0531a20572697297273c47b8cae5a63ffc6d6ed5c201be6e44"},
]

[[package]]
name = "coverage"
version = "7.7.1"
requires_python = ">=3.9"
summary = "Code coverage measurement for Python"
groups = ["test"]
files = [
    {file = "coverage-7.7.1-cp313-cp313-macosx_10_13_x86_64.whl", hash = "sha256:eebd927b86761a7068a06d3699fd6c20129becf15bb44282db085921ea0f1585"},
    {file = "coverage-7.7.1-cp313-cp313-macosx_11_0_arm64.whl", hash = "sha256:2a79c4a09765d18311c35975ad2eb1ac613c0401afdd9cb1ca4110aeb5dd3c4c"},
    {file = "coverage-7.7.1-cp313-cp313-manylinux_2_17_aarch64.manylinux2014_aarch64.whl", hash = "sha256:8b1c65a739447c5ddce5b96c0a388fd82e4bbdff7251396a70182b1d83631019"},
    {file = "coverage-7.7.1-cp313-cp313-manylinux_2_5_i686.manylinux1_i686.manylinux_2_17_i686.manylinux2014_i686.whl", hash = "sha256:392cc8fd2b1b010ca36840735e2a526fcbd76795a5d44006065e79868cc76ccf"},
    {file = "coverage-7.7.1-cp313-cp313-manylinux_2_5_x86_64.manylinux1_x86_64.manylinux_2_17_x86_64.manylinux2014_x86_64.whl", hash = "sha256:9bb47cc9f07a59a451361a850cb06d20633e77a9118d05fd0f77b1864439461b"},
    {file = "coverage-7.7.1-cp313-cp313-musllinux_1_2_aarch64.whl", hash = "sha256:b4c144c129343416a49378e05c9451c34aae5ccf00221e4fa4f487db0816ee2f"},
    {file = "coverage-7.7.1-cp313-cp313-musllinux_1_2_i686.whl", hash = "sha256:bc96441c9d9ca12a790b5ae17d2fa6654da4b3962ea15e0eabb1b1caed094777"},
    {file = "coverage-7.7.1-cp313-cp313-musllinux_1_2_x86_64.whl", hash = "sha256:3d03287eb03186256999539d98818c425c33546ab4901028c8fa933b62c35c3a"},
    {file = "coverage-7.7.1-cp313-cp313-win32.whl", hash = "sha256:8fed429c26b99641dc1f3a79179860122b22745dd9af36f29b141e178925070a"},
    {file = "coverage-7.7.1-cp313-cp313-win_amd64.whl", hash = "sha256:092b134129a8bb940c08b2d9ceb4459af5fb3faea77888af63182e17d89e1cf1"},
    {file = "coverage-7.7.1-cp313-cp313t-macosx_10_13_x86_64.whl", hash = "sha256:d3154b369141c3169b8133973ac00f63fcf8d6dbcc297d788d36afbb7811e511"},
    {file = "coverage-7.7.1-cp313-cp313t-macosx_11_0_arm64.whl", hash = "sha256:264ff2bcce27a7f455b64ac0dfe097680b65d9a1a293ef902675fa8158d20b24"},
    {file = "coverage-7.7.1-cp313-cp313t-manylinux_2_17_aarch64.manylinux2014_aarch64.whl", hash = "sha256:ba8480ebe401c2f094d10a8c4209b800a9b77215b6c796d16b6ecdf665048950"},
    {file = "coverage-7.7.1-cp313-cp313t-manylinux_2_5_i686.manylinux1_i686.manylinux_2_17_i686.manylinux2014_i686.whl", hash = "sha256:520af84febb6bb54453e7fbb730afa58c7178fd018c398a8fcd8e269a79bf96d"},
    {file = "coverage-7.7.1-cp313-cp313t-manylinux_2_5_x86_64.manylinux1_x86_64.manylinux_2_17_x86_64.manylinux2014_x86_64.whl", hash = "sha256:88d96127ae01ff571d465d4b0be25c123789cef88ba0879194d673fdea52f54e"},
    {file = "coverage-7.7.1-cp313-cp313t-musllinux_1_2_aarch64.whl", hash = "sha256:0ce92c5a9d7007d838456f4b77ea159cb628187a137e1895331e530973dcf862"},
    {file = "coverage-7.7.1-cp313-cp313t-musllinux_1_2_i686.whl", hash = "sha256:0dab4ef76d7b14f432057fdb7a0477e8bffca0ad39ace308be6e74864e632271"},
    {file = "coverage-7.7.1-cp313-cp313t-musllinux_1_2_x86_64.whl", hash = "sha256:7e688010581dbac9cab72800e9076e16f7cccd0d89af5785b70daa11174e94de"},
    {file = "coverage-7.7.1-cp313-cp313t-win32.whl", hash = "sha256:e52eb31ae3afacdacfe50705a15b75ded67935770c460d88c215a9c0c40d0e9c"},
    {file = "coverage-7.7.1-cp313-cp313t-win_amd64.whl", hash = "sha256:a6b6b3bd121ee2ec4bd35039319f3423d0be282b9752a5ae9f18724bc93ebe7c"},
    {file = "coverage-7.7.1-py3-none-any.whl", hash = "sha256:822fa99dd1ac686061e1219b67868e25d9757989cf2259f735a4802497d6da31"},
    {file = "coverage-7.7.1.tar.gz", hash = "sha256:199a1272e642266b90c9f40dec7fd3d307b51bf639fa0d15980dc0b3246c1393"},
]

[[package]]
name = "iniconfig"
version = "2.1.0"
requires_python = ">=3.8"
summary = "brain-dead simple config-ini parsing"
groups = ["test"]
files = [
    {file = "iniconfig-2.1.0-py3-none-any.whl", hash = "sha256:9deba5723312380e77435581c6bf4935c94cbfab9b1ed33ef8d238ea168eb760"},
    {file = "iniconfig-2.1.0.tar.gz", hash = "sha256:3abbd2e30b36733fee78f9c7f7308f2d0050e88f0087fd25c2645f63c773e1c7"},
]

[[package]]
name = "nodeenv"
version = "1.9.1"
requires_python = "!=3.0.*,!=3.1.*,!=3.2.*,!=3.3.*,!=3.4.*,!=3.5.*,!=3.6.*,>=2.7"
summary = "Node.js virtual environment builder"
groups = ["test"]
files = [
    {file = "nodeenv-1.9.1-py2.py3-none-any.whl", hash = "sha256:ba11c9782d29c27c70ffbdda2d7415098754709be8a7056d79a737cd901155c9"},
    {file = "nodeenv-1.9.1.tar.gz", hash = "sha256:6ec12890a2dab7946721edbfbcd91f3319c6ccc9aec47be7c7e6b7011ee6645f"},
]

[[package]]
name = "packaging"
version = "24.2"
requires_python = ">=3.8"
summary = "Core utilities for Python packages"
groups = ["test"]
files = [
    {file = "packaging-24.2-py3-none-any.whl", hash = "sha256:09abb1bccd265c01f4a3aa3f7a7db064b36514d2cba19a2f694fe6150451a759"},
    {file = "packaging-24.2.tar.gz", hash = "sha256:c228a6dc5e932d346bc5739379109d49e8853dd8223571c7c5b55260edc0b97f"},
]

[[package]]
name = "pluggy"
version = "1.5.0"
requires_python = ">=3.8"
summary = "plugin and hook calling mechanisms for python"
groups = ["test"]
files = [
    {file = "pluggy-1.5.0-py3-none-any.whl", hash = "sha256:44e1ad92c8ca002de6377e165f3e0f1be63266ab4d554740532335b9d75ea669"},
    {file = "pluggy-1.5.0.tar.gz", hash = "sha256:2cffa88e94fdc978c4c574f15f9e59b7f4201d439195c3715ca9e2486f1d0cf1"},
]

[[package]]
name = "pydantic"
version = "2.11.1"
requires_python = ">=3.9"
summary = "Data validation using Python type hints"
groups = ["default"]
dependencies = [
    "annotated-types>=0.6.0",
    "pydantic-core==2.33.0",
    "typing-extensions>=4.12.2",
    "typing-inspection>=0.4.0",
]
files = [
    {file = "pydantic-2.11.1-py3-none-any.whl", hash = "sha256:5b6c415eee9f8123a14d859be0c84363fec6b1feb6b688d6435801230b56e0b8"},
    {file = "pydantic-2.11.1.tar.gz", hash = "sha256:442557d2910e75c991c39f4b4ab18963d57b9b55122c8b2a9cd176d8c29ce968"},
]

[[package]]
name = "pydantic-core"
version = "2.33.0"
requires_python = ">=3.9"
summary = "Core functionality for Pydantic validation and serialization"
groups = ["default"]
dependencies = [
    "typing-extensions!=4.7.0,>=4.6.0",
]
files = [
    {file = "pydantic_core-2.33.0-cp313-cp313-macosx_10_12_x86_64.whl", hash = "sha256:f00e8b59e1fc8f09d05594aa7d2b726f1b277ca6155fc84c0396db1b373c4555"},
    {file = "pydantic_core-2.33.0-cp313-cp313-macosx_11_0_arm64.whl", hash = "sha256:1a73be93ecef45786d7d95b0c5e9b294faf35629d03d5b145b09b81258c7cd6d"},
    {file = "pydantic_core-2.33.0-cp313-cp313-manylinux_2_17_aarch64.manylinux2014_aarch64.whl", hash = "sha256:ff48a55be9da6930254565ff5238d71d5e9cd8c5487a191cb85df3bdb8c77365"},
    {file = "pydantic_core-2.33.0-cp313-cp313-manylinux_2_17_armv7l.manylinux2014_armv7l.whl", hash = "sha256:26a4ea04195638dcd8c53dadb545d70badba51735b1594810e9768c2c0b4a5da"},
    {file = "pydantic_core-2.33.0-cp313-cp313-manylinux_2_17_ppc64le.manylinux2014_ppc64le.whl", hash = "sha256:41d698dcbe12b60661f0632b543dbb119e6ba088103b364ff65e951610cb7ce0"},
    {file = "pydantic_core-2.33.0-cp313-cp313-manylinux_2_17_s390x.manylinux2014_s390x.whl", hash = "sha256:ae62032ef513fe6281ef0009e30838a01057b832dc265da32c10469622613885"},
    {file = "pydantic_core-2.33.0-cp313-cp313-manylinux_2_17_x86_64.manylinux2014_x86_64.whl", hash = "sha256:f225f3a3995dbbc26affc191d0443c6c4aa71b83358fd4c2b7d63e2f6f0336f9"},
    {file = "pydantic_core-2.33.0-cp313-cp313-manylinux_2_5_i686.manylinux1_i686.whl", hash = "sha256:5bdd36b362f419c78d09630cbaebc64913f66f62bda6d42d5fbb08da8cc4f181"},
    {file = "pydantic_core-2.33.0-cp313-cp313-musllinux_1_1_aarch64.whl", hash = "sha256:2a0147c0bef783fd9abc9f016d66edb6cac466dc54a17ec5f5ada08ff65caf5d"},
    {file = "pydantic_core-2.33.0-cp313-cp313-musllinux_1_1_armv7l.whl", hash = "sha256:c860773a0f205926172c6644c394e02c25421dc9a456deff16f64c0e299487d3"},
    {file = "pydantic_core-2.33.0-cp313-cp313-musllinux_1_1_x86_64.whl", hash = "sha256:138d31e3f90087f42aa6286fb640f3c7a8eb7bdae829418265e7e7474bd2574b"},
    {file = "pydantic_core-2.33.0-cp313-cp313-win32.whl", hash = "sha256:d20cbb9d3e95114325780f3cfe990f3ecae24de7a2d75f978783878cce2ad585"},
    {file = "pydantic_core-2.33.0-cp313-cp313-win_amd64.whl", hash = "sha256:ca1103d70306489e3d006b0f79db8ca5dd3c977f6f13b2c59ff745249431a606"},
    {file = "pydantic_core-2.33.0-cp313-cp313-win_arm64.whl", hash = "sha256:6291797cad239285275558e0a27872da735b05c75d5237bbade8736f80e4c225"},
    {file = "pydantic_core-2.33.0-cp313-cp313t-macosx_11_0_arm64.whl", hash = "sha256:7b79af799630af263eca9ec87db519426d8c9b3be35016eddad1832bac812d87"},
    {file = "pydantic_core-2.33.0-cp313-cp313t-manylinux_2_17_x86_64.manylinux2014_x86_64.whl", hash = "sha256:eabf946a4739b5237f4f56d77fa6668263bc466d06a8036c055587c130a46f7b"},
    {file = "pydantic_core-2.33.0-cp313-cp313t-win_amd64.whl", hash = "sha256:8a1d581e8cdbb857b0e0e81df98603376c1a5c34dc5e54039dcc00f043df81e7"},
    {file = "pydantic_core-2.33.0.tar.gz", hash = "sha256:40eb8af662ba409c3cbf4a8150ad32ae73514cd7cb1f1a2113af39763dd616b3"},
]

[[package]]
name = "pyright"
version = "1.1.398"
requires_python = ">=3.7"
summary = "Command line wrapper for pyright"
groups = ["test"]
dependencies = [
    "nodeenv>=1.6.0",
    "typing-extensions>=4.1",
]
files = [
    {file = "pyright-1.1.398-py3-none-any.whl", hash = "sha256:0a70bfd007d9ea7de1cf9740e1ad1a40a122592cfe22a3f6791b06162ad08753"},
    {file = "pyright-1.1.398.tar.gz", hash = "sha256:357a13edd9be8082dc73be51190913e475fa41a6efb6ec0d4b7aab3bc11638d8"},
]

[[package]]
name = "pytest"
version = "8.3.5"
requires_python = ">=3.8"
summary = "pytest: simple powerful testing with Python"
groups = ["test"]
dependencies = [
    "colorama; sys_platform == \"win32\"",
    "exceptiongroup>=1.0.0rc8; python_version < \"3.11\"",
    "iniconfig",
    "packaging",
    "pluggy<2,>=1.5",
    "tomli>=1; python_version < \"3.11\"",
]
files = [
    {file = "pytest-8.3.5-py3-none-any.whl", hash = "sha256:c69214aa47deac29fad6c2a4f590b9c4a9fdb16a403176fe154b79c0b4d4d820"},
    {file = "pytest-8.3.5.tar.gz", hash = "sha256:f4efe70cc14e511565ac476b57c279e12a855b11f48f212af1080ef2263d3845"},
]

[[package]]
name = "pytest-custom-exit-code"
version = "0.3.0"
requires_python = ">2.7, !=3.0.*, !=3.1.*, !=3.2.*, !=3.3.*"
summary = "Exit pytest test session with custom exit code in different scenarios"
groups = ["test"]
dependencies = [
    "pytest>=4.0.2",
]
files = [
    {file = "pytest-custom_exit_code-0.3.0.tar.gz", hash = "sha256:51ffff0ee2c1ddcc1242e2ddb2a5fd02482717e33a2326ef330e3aa430244635"},
    {file = "pytest_custom_exit_code-0.3.0-py3-none-any.whl", hash = "sha256:6e0ce6e57ce3a583cb7e5023f7d1021e19dfec22be41d9ad345bae2fc61caf3b"},
]

[[package]]
name = "typing-extensions"
version = "4.13.0"
requires_python = ">=3.8"
summary = "Backported and Experimental Type Hints for Python 3.8+"
groups = ["default", "test"]
files = [
    {file = "typing_extensions-4.13.0-py3-none-any.whl", hash = "sha256:c8dd92cc0d6425a97c18fbb9d1954e5ff92c1ca881a309c45f06ebc0b79058e5"},
    {file = "typing_extensions-4.13.0.tar.gz", hash = "sha256:0a4ac55a5820789d87e297727d229866c9650f6521b64206413c4fbada24d95b"},
]

[[package]]
name = "typing-inspection"
version = "0.4.0"
requires_python = ">=3.9"
summary = "Runtime typing introspection tools"
groups = ["default"]
dependencies = [
    "typing-extensions>=4.12.0",
]
files = [
    {file = "typing_inspection-0.4.0-py3-none-any.whl", hash = "sha256:50e72559fcd2a6367a19f7a7e610e6afcb9fac940c650290eed893d61386832f"},
    {file = "typing_inspection-0.4.0.tar.gz", hash = "sha256:9765c87de36671694a67904bf2c96e395be9c6439bb6c87b5142569dcdd65122"},
]
